
Microsoft Visual Studio Solution File, Format Version 12.00
# Visual Studio Version 16
VisualStudioVersion = 16.0.30011.22
MinimumVisualStudioVersion = 10.0.40219.1
Project("{FAE04EC0-301F-11D3-BF4B-00C04F79EFBC}") = "ServerCodeMtk-P2-20180140102", "ServerCodeMtk-P2-20180140102\ServerCodeMtk-P2-20180140102.csproj", "{75F6BF18-6CC5-4121-AF79-B12F4A0BD0A4}"
EndProject
Global
	GlobalSection(SolutionConfigurationPlatforms) = preSolution
		Debug|Any CPU = Debug|Any CPU
		Release|Any CPU = Release|Any CPU
	EndGlobalSection
	GlobalSection(ProjectConfigurationPlatforms) = postSolution
		{75F6BF18-6CC5-4121-AF79-B12F4A0BD0A4}.Debug|Any CPU.ActiveCfg = Debug|Any CPU
		{75F6BF18-6CC5-4121-AF79-B12F4A0BD0A4}.Debug|Any CPU.Build.0 = Debug|Any CPU
		{75F6BF18-6CC5-4121-AF79-B12F4A0BD0A4}.Release|Any CPU.ActiveCfg = Release|Any CPU
		{75F6BF18-6CC5-4121-AF79-B12F4A0BD0A4}.Release|Any CPU.Build.0 = Release|Any CPU
	EndGlobalSection
	GlobalSection(SolutionProperties) = preSolution
		HideSolutionNode = FALSE
	EndGlobalSection
	GlobalSection(ExtensibilityGlobals) = postSolution
		SolutionGuid = {5DED98C5-CF37-4B2A-B4CF-375853EA8A72}
	EndGlobalSection
EndGlobal
